{
  "name": "purescript-turbine",
  "version": "0.0.1",
  "lockfileVersion": 1,
  "requires": true,
  "dependencies": {
    "@funkia/hareactive": {
      "version": "0.3.4",
      "resolved": "https://registry.npmjs.org/@funkia/hareactive/-/hareactive-0.3.4.tgz",
      "integrity": "sha512-oH+KXKg6FhsujEgHXwdSAP9i+Tt7NLR6Ro+5jOciBHQXxleHkru2YNwmCXFtSLARrXSth5Pt8ic8yUZPV0c4bw==",
      "dev": true,
      "requires": {
        "@funkia/io": "0.0.4",
        "tslib": "^1.10.0"
      }
    },
    "@funkia/io": {
      "version": "0.0.4",
      "resolved": "https://registry.npmjs.org/@funkia/io/-/io-0.0.4.tgz",
      "integrity": "sha512-nAjlCfofWo7Xhi9lVYXBb9cYltXCCRkuQn2gjojG3oMl7e1Bzizq6g06Hdz/kx+uRzgGQhy2jDGJIaupA67ZHw==",
      "dev": true,
      "requires": {
        "@funkia/jabz": "0.0.24",
        "prettier": "^1.13.7",
        "tslib": "^1.9.3"
      }
    },
    "@funkia/jabz": {
      "version": "0.0.24",
      "resolved": "https://registry.npmjs.org/@funkia/jabz/-/jabz-0.0.24.tgz",
      "integrity": "sha512-zVqcjXvSR9Rh78wMvtOZqnOP0QWFGX4++cRJgdhm0ELz7Pgfy5m+ZjzmWngFxYC5q4QG6ZrcywMlBuMlHuVxoA==",
      "dev": true,
      "requires": {
        "tslib": "^1.9.2"
      }
    },
    "@funkia/turbine": {
      "version": "0.4.0",
      "resolved": "https://registry.npmjs.org/@funkia/turbine/-/turbine-0.4.0.tgz",
      "integrity": "sha512-NXKMMFsWt09mGVQk9C/6gZRtQH52OthDzh9hsheJ1QKROxTpXjPgNFUWMJzK/JePHPlqj4sSAIr3PsybICoaaQ==",
      "dev": true,
      "requires": {
        "@funkia/jabz": "0.0.24"
      }
    },
    "prettier": {
      "version": "1.18.2",
      "resolved": "https://registry.npmjs.org/prettier/-/prettier-1.18.2.tgz",
      "integrity": "sha512-OeHeMc0JhFE9idD4ZdtNibzY0+TPHSpSSb9h8FqtP+YnoZZ1sl8Vc9b1sasjfymH3SonAF4QcA2+mzHPhMvIiw==",
      "dev": true
    },
    "tslib": {
      "version": "1.10.0",
      "resolved": "https://registry.npmjs.org/tslib/-/tslib-1.10.0.tgz",
      "integrity": "sha512-qOebF53frne81cf0S9B41ByenJ3/IuH8yJKngAX35CmiZySA0khhkovshKK+jGCaMnVomla7gVlIcc3EvKPbTQ==",
      "dev": true
    }
  }
}
