{
  "name": "purescript-turbine",
  "version": "0.0.1",
  "lockfileVersion": 1,
  "requires": true,
  "dependencies": {
    "@funkia/hareactive": {
      "version": "0.2.7",
      "resolved": "https://registry.npmjs.org/@funkia/hareactive/-/hareactive-0.2.7.tgz",
      "integrity": "sha512-DX2NfO+pQUkrQA6oeeCz1yQvh5D0fYRi8AH1Ylfhzs9tFbA6I80dKx33ktudVijnQsCmcNR4hrwNoaR+/6GLlw==",
      "dev": true,
      "requires": {
        "@funkia/jabz": "0.0.24",
        "tslib": "^1.9.3"
      }
    },
    "@funkia/jabz": {
      "version": "0.0.24",
      "resolved": "https://registry.npmjs.org/@funkia/jabz/-/jabz-0.0.24.tgz",
      "integrity": "sha512-zVqcjXvSR9Rh78wMvtOZqnOP0QWFGX4++cRJgdhm0ELz7Pgfy5m+ZjzmWngFxYC5q4QG6ZrcywMlBuMlHuVxoA==",
      "dev": true,
      "requires": {
        "tslib": "^1.9.2"
      }
    },
    "@funkia/turbine": {
      "version": "0.2.3",
      "resolved": "https://registry.npmjs.org/@funkia/turbine/-/turbine-0.2.3.tgz",
      "integrity": "sha512-3oVmBBg/gnh/WLv6ehRYNO8Fer3CAPyC8dFXW3cK1PAqDMPt7Xf3LW567m8niGCOiwAx0MYQEr/u1Y0GlkdmEQ==",
      "dev": true,
      "requires": {
        "@funkia/jabz": "0.0.24"
      }
    },
    "tslib": {
      "version": "1.9.3",
      "resolved": "https://registry.npmjs.org/tslib/-/tslib-1.9.3.tgz",
      "integrity": "sha512-4krF8scpejhaOgqzBEcGM7yDIEfi0/8+8zDRZhNZZ2kjmHJ4hv3zCbQWxoJGz1iw5U0Jl0nma13xzHXcncMavQ==",
      "dev": true
    }
  }
}
